
Microsoft Visual Studio Solution File, Format Version 12.00
# Visual Studio Version 17
VisualStudioVersion = 17.9.34616.47
MinimumVisualStudioVersion = 10.0.40219.1
Project("{FAE04EC0-301F-11D3-BF4B-00C04F79EFBC}") = "Zajecia06.03.24", "Zajecia06.03.24\Zajecia06.03.24.csproj", "{FBBA7897-076D-4C94-BCC4-D8B467ABE40E}"
EndProject
Project("{FAE04EC0-301F-11D3-BF4B-00C04F79EFBC}") = "2CzescZajec", "2CzescZajec\2CzescZajec.csproj", "{952DE4C1-F872-4976-8BA0-9BCC6E6A5B77}"
EndProject
Global
	GlobalSection(SolutionConfigurationPlatforms) = preSolution
		Debug|Any CPU = Debug|Any CPU
		Release|Any CPU = Release|Any CPU
	EndGlobalSection
	GlobalSection(ProjectConfigurationPlatforms) = postSolution
		{FBBA7897-076D-4C94-BCC4-D8B467ABE40E}.Debug|Any CPU.ActiveCfg = Debug|Any CPU
		{FBBA7897-076D-4C94-BCC4-D8B467ABE40E}.Debug|Any CPU.Build.0 = Debug|Any CPU
		{FBBA7897-076D-4C94-BCC4-D8B467ABE40E}.Release|Any CPU.ActiveCfg = Release|Any CPU
		{FBBA7897-076D-4C94-BCC4-D8B467ABE40E}.Release|Any CPU.Build.0 = Release|Any CPU
		{952DE4C1-F872-4976-8BA0-9BCC6E6A5B77}.Debug|Any CPU.ActiveCfg = Debug|Any CPU
		{952DE4C1-F872-4976-8BA0-9BCC6E6A5B77}.Debug|Any CPU.Build.0 = Debug|Any CPU
		{952DE4C1-F872-4976-8BA0-9BCC6E6A5B77}.Release|Any CPU.ActiveCfg = Release|Any CPU
		{952DE4C1-F872-4976-8BA0-9BCC6E6A5B77}.Release|Any CPU.Build.0 = Release|Any CPU
	EndGlobalSection
	GlobalSection(SolutionProperties) = preSolution
		HideSolutionNode = FALSE
	EndGlobalSection
	GlobalSection(ExtensibilityGlobals) = postSolution
		SolutionGuid = {F657A6C8-4060-4ECE-9947-24C6ED2CE077}
	EndGlobalSection
EndGlobal
