
Microsoft Visual Studio Solution File, Format Version 12.00
# Visual Studio Version 17
VisualStudioVersion = 17.9.34616.47
MinimumVisualStudioVersion = 10.0.40219.1
Project("{FAE04EC0-301F-11D3-BF4B-00C04F79EFBC}") = "ChainOfResponsibility", "ChainOfResponsibility\ChainOfResponsibility.csproj", "{B77205B5-8EF7-4970-BE31-D446A767EABC}"
EndProject
Project("{FAE04EC0-301F-11D3-BF4B-00C04F79EFBC}") = "COFImp", "COFImp\COFImp.csproj", "{7E0051D3-C5E3-4E46-A9AC-77DD9040AB94}"
EndProject
Global
	GlobalSection(SolutionConfigurationPlatforms) = preSolution
		Debug|Any CPU = Debug|Any CPU
		Release|Any CPU = Release|Any CPU
	EndGlobalSection
	GlobalSection(ProjectConfigurationPlatforms) = postSolution
		{B77205B5-8EF7-4970-BE31-D446A767EABC}.Debug|Any CPU.ActiveCfg = Debug|Any CPU
		{B77205B5-8EF7-4970-BE31-D446A767EABC}.Debug|Any CPU.Build.0 = Debug|Any CPU
		{B77205B5-8EF7-4970-BE31-D446A767EABC}.Release|Any CPU.ActiveCfg = Release|Any CPU
		{B77205B5-8EF7-4970-BE31-D446A767EABC}.Release|Any CPU.Build.0 = Release|Any CPU
		{7E0051D3-C5E3-4E46-A9AC-77DD9040AB94}.Debug|Any CPU.ActiveCfg = Debug|Any CPU
		{7E0051D3-C5E3-4E46-A9AC-77DD9040AB94}.Debug|Any CPU.Build.0 = Debug|Any CPU
		{7E0051D3-C5E3-4E46-A9AC-77DD9040AB94}.Release|Any CPU.ActiveCfg = Release|Any CPU
		{7E0051D3-C5E3-4E46-A9AC-77DD9040AB94}.Release|Any CPU.Build.0 = Release|Any CPU
	EndGlobalSection
	GlobalSection(SolutionProperties) = preSolution
		HideSolutionNode = FALSE
	EndGlobalSection
	GlobalSection(ExtensibilityGlobals) = postSolution
		SolutionGuid = {F913C0BB-E352-4720-B61A-D73E694C7334}
	EndGlobalSection
EndGlobal
