
Microsoft Visual Studio Solution File, Format Version 12.00
# Visual Studio Version 17
VisualStudioVersion = 17.9.34616.47
MinimumVisualStudioVersion = 10.0.40219.1
Project("{FAE04EC0-301F-11D3-BF4B-00C04F79EFBC}") = "Dependeny Injection", "Dependeny Injection\Dependeny Injection.csproj", "{7F3A30BC-7114-4F1F-BF6B-394CC3EE03D0}"
EndProject
Project("{FAE04EC0-301F-11D3-BF4B-00C04F79EFBC}") = "DependecyInjectionASP", "DependecyInjectionASP\DependecyInjectionASP.csproj", "{EA1A7427-1DB3-4C8C-B05F-4E6DEC85B077}"
EndProject
Project("{FAE04EC0-301F-11D3-BF4B-00C04F79EFBC}") = "ZadanieDependencyInjection", "ZadanieDependencyInjection\ZadanieDependencyInjection.csproj", "{F6E4E272-3B45-428C-8CE7-15047785DB90}"
EndProject
Global
	GlobalSection(SolutionConfigurationPlatforms) = preSolution
		Debug|Any CPU = Debug|Any CPU
		Release|Any CPU = Release|Any CPU
	EndGlobalSection
	GlobalSection(ProjectConfigurationPlatforms) = postSolution
		{7F3A30BC-7114-4F1F-BF6B-394CC3EE03D0}.Debug|Any CPU.ActiveCfg = Debug|Any CPU
		{7F3A30BC-7114-4F1F-BF6B-394CC3EE03D0}.Debug|Any CPU.Build.0 = Debug|Any CPU
		{7F3A30BC-7114-4F1F-BF6B-394CC3EE03D0}.Release|Any CPU.ActiveCfg = Release|Any CPU
		{7F3A30BC-7114-4F1F-BF6B-394CC3EE03D0}.Release|Any CPU.Build.0 = Release|Any CPU
		{EA1A7427-1DB3-4C8C-B05F-4E6DEC85B077}.Debug|Any CPU.ActiveCfg = Debug|Any CPU
		{EA1A7427-1DB3-4C8C-B05F-4E6DEC85B077}.Debug|Any CPU.Build.0 = Debug|Any CPU
		{EA1A7427-1DB3-4C8C-B05F-4E6DEC85B077}.Release|Any CPU.ActiveCfg = Release|Any CPU
		{EA1A7427-1DB3-4C8C-B05F-4E6DEC85B077}.Release|Any CPU.Build.0 = Release|Any CPU
		{F6E4E272-3B45-428C-8CE7-15047785DB90}.Debug|Any CPU.ActiveCfg = Debug|Any CPU
		{F6E4E272-3B45-428C-8CE7-15047785DB90}.Debug|Any CPU.Build.0 = Debug|Any CPU
		{F6E4E272-3B45-428C-8CE7-15047785DB90}.Release|Any CPU.ActiveCfg = Release|Any CPU
		{F6E4E272-3B45-428C-8CE7-15047785DB90}.Release|Any CPU.Build.0 = Release|Any CPU
	EndGlobalSection
	GlobalSection(SolutionProperties) = preSolution
		HideSolutionNode = FALSE
	EndGlobalSection
	GlobalSection(ExtensibilityGlobals) = postSolution
		SolutionGuid = {D993B388-70EC-4178-99F2-2DF4B019B5B9}
	EndGlobalSection
EndGlobal
